
Microsoft Visual Studio Solution File, Format Version 12.00
# Visual Studio Version 16
VisualStudioVersion = 16.0.32002.261
MinimumVisualStudioVersion = 10.0.40219.1
Project("{9A19103F-16F7-4668-BE54-9A1E7A4F7556}") = "Mission3", "Mission2\Mission3.csproj", "{87AB63AF-7C47-4EF7-8CA1-8DF1990CB4E7}"
EndProject
Global
	GlobalSection(SolutionConfigurationPlatforms) = preSolution
		Debug|Any CPU = Debug|Any CPU
		Release|Any CPU = Release|Any CPU
	EndGlobalSection
	GlobalSection(ProjectConfigurationPlatforms) = postSolution
		{87AB63AF-7C47-4EF7-8CA1-8DF1990CB4E7}.Debug|Any CPU.ActiveCfg = Debug|Any CPU
		{87AB63AF-7C47-4EF7-8CA1-8DF1990CB4E7}.Debug|Any CPU.Build.0 = Debug|Any CPU
		{87AB63AF-7C47-4EF7-8CA1-8DF1990CB4E7}.Release|Any CPU.ActiveCfg = Release|Any CPU
		{87AB63AF-7C47-4EF7-8CA1-8DF1990CB4E7}.Release|Any CPU.Build.0 = Release|Any CPU
	EndGlobalSection
	GlobalSection(SolutionProperties) = preSolution
		HideSolutionNode = FALSE
	EndGlobalSection
	GlobalSection(ExtensibilityGlobals) = postSolution
		SolutionGuid = {B98FFAF7-1DDE-454C-8067-863FFD67CFD0}
	EndGlobalSection
EndGlobal
